<?xml version="1.0" encoding="utf-8"?>
<Project ToolsVersion="4.0" xmlns="http://schemas.microsoft.com/developer/msbuild/2003">
  <ItemGroup>
    <Filter Include="Private">
      <UniqueIdentifier>{abaf9be5-da36-4c3a-bf83-03dbf2877e54}</UniqueIdentifier>
    </Filter>
    <Filter Include="Public">
      <UniqueIdentifier>{f8043985-4572-4ac5-9526-d41f4c2bacf2}</UniqueIdentifier>
    </Filter>
  </ItemGroup>
  <ItemGroup>
    <ClInclude Include="Public\Base.h">
      <Filter>Public</Filter>
    </ClInclude>
    <ClInclude Include="Private\json.hpp">
      <Filter>Private</Filter>
    </ClInclude>
    <ClInclude Include="Private\uStuck.h" />
  </ItemGroup>
  <ItemGroup>
    <ClCompile Include="Private\uStuck.cpp">
      <Filter>Private</Filter>
    </ClCompile>
  </ItemGroup>
</Project>